
Microsoft Visual Studio Solution File, Format Version 12.00
# Visual Studio Version 17
VisualStudioVersion = 17.3.32929.385
MinimumVisualStudioVersion = 10.0.40219.1
Project("{FAE04EC0-301F-11D3-BF4B-00C04F79EFBC}") = "SiteViagem-API", "SiteViagem-API\SiteViagem-API.csproj", "{4F034465-BE57-4557-8F29-410F0DCFABF5}"
EndProject
Global
	GlobalSection(SolutionConfigurationPlatforms) = preSolution
		Debug|Any CPU = Debug|Any CPU
		Release|Any CPU = Release|Any CPU
	EndGlobalSection
	GlobalSection(ProjectConfigurationPlatforms) = postSolution
		{4F034465-BE57-4557-8F29-410F0DCFABF5}.Debug|Any CPU.ActiveCfg = Debug|Any CPU
		{4F034465-BE57-4557-8F29-410F0DCFABF5}.Debug|Any CPU.Build.0 = Debug|Any CPU
		{4F034465-BE57-4557-8F29-410F0DCFABF5}.Release|Any CPU.ActiveCfg = Release|Any CPU
		{4F034465-BE57-4557-8F29-410F0DCFABF5}.Release|Any CPU.Build.0 = Release|Any CPU
	EndGlobalSection
	GlobalSection(SolutionProperties) = preSolution
		HideSolutionNode = FALSE
	EndGlobalSection
	GlobalSection(ExtensibilityGlobals) = postSolution
		SolutionGuid = {04239020-4382-456D-B448-8DA741BD652C}
	EndGlobalSection
EndGlobal
